{
  "version": "4",
  "specifiers": {
    "jsr:@std/assert@1": "1.0.11",
    "jsr:@std/internal@^1.0.5": "1.0.5",
    "npm:@thingweb/thing-model@*": "1.0.3_ajv@8.17.1",
    "npm:@types/node@*": "22.5.4",
    "npm:wot-thing-model-types@*": "1.1.0-09-November-2023"
  },
  "jsr": {
    "@std/assert@1.0.11": {
      "integrity": "2461ef3c368fe88bc60e186e7744a93112f16fd110022e113a0849e94d1c83c1",
      "dependencies": [
        "jsr:@std/internal"
      ]
    },
    "@std/internal@1.0.5": {
      "integrity": "54a546004f769c1ac9e025abd15a76b6671ddc9687e2313b67376125650dc7ba"
    }
  },
  "npm": {
    "@thingweb/thing-model@1.0.3_ajv@8.17.1": {
      "integrity": "sha512-KAm2ux3A7B2lq0LkQw1Eze4g1w1c1zvhlaCA/TQFtX5LQoMsm6uqMuW6X+PcOzSsyKIekxYQjcgwC4rFZpfDbg==",
      "dependencies": [
        "ajv",
        "ajv-formats",
        "debug",
        "json-placeholder-replacer",
        "wot-thing-description-types",
        "wot-thing-model-types",
        "wot-typescript-definitions"
      ]
    },
    "@types/node@22.5.4": {
      "integrity": "sha512-FDuKUJQm/ju9fT/SeX/6+gBzoPzlVCzfzmGkwKvRHQVxi4BntVbyIwf6a4Xn62mrvndLiml6z/UBXIdEVjQLXg==",
      "dependencies": [
        "undici-types"
      ]
    },
    "ajv-formats@3.0.1_ajv@8.17.1": {
      "integrity": "sha512-8iUql50EUR+uUcdRQ3HDqa6EVyo3docL8g5WJ3FNcWmu62IbkGUue/pEyLBW8VGKKucTPgqeks4fIU1DA4yowQ==",
      "dependencies": [
        "ajv"
      ]
    },
    "ajv@8.17.1": {
      "integrity": "sha512-B/gBuNg5SiMTrPkC+A2+cW0RszwxYmn6VYxB/inlBStS5nx6xHIt/ehKRhIMhqusl7a8LjQoZnjCs5vhwxOQ1g==",
      "dependencies": [
        "fast-deep-equal",
        "fast-uri",
        "json-schema-traverse",
        "require-from-string"
      ]
    },
    "debug@4.4.0": {
      "integrity": "sha512-6WTZ/IxCY/T6BALoZHaE4ctp9xm+Z5kY/pzYaCHRFeyVhojxlrm+46y68HA6hr0TcwEssoxNiDEUJQjfPZ/RYA==",
      "dependencies": [
        "ms"
      ]
    },
    "fast-deep-equal@3.1.3": {
      "integrity": "sha512-f3qQ9oQy9j2AhBe/H9VC91wLmKBCCU/gDOnKNAYG5hswO7BLKj09Hc5HYNz9cGI++xlpDCIgDaitVs03ATR84Q=="
    },
    "fast-uri@3.0.6": {
      "integrity": "sha512-Atfo14OibSv5wAp4VWNsFYE1AchQRTv9cBGWET4pZWHzYshFSS9NQI6I57rdKn9croWVMbYFbLhJ+yJvmZIIHw=="
    },
    "json-placeholder-replacer@2.1.0": {
      "integrity": "sha512-4thj3fpK8ZGmfYZ5Pe5VegiDXktz2XC/cpw0qZ/j/maCk/rRp83ftTVg9ffXx/4Ufc0g/Pv93nc1R6Bor+if3A=="
    },
    "json-schema-traverse@1.0.0": {
      "integrity": "sha512-NM8/P9n3XjXhIZn1lLhkFaACTOURQXjWhV4BA/RnOv8xvgqtqpAX9IO4mRQxSx1Rlo4tqzeqb0sOlruaOy3dug=="
    },
    "ms@2.1.3": {
      "integrity": "sha512-6FlzubTLZG3J2a/NVCAleEhjzq5oxgHyaCU9yYXvcLsvoVaHJq/s5xXI6/XXP6tz7R9xAOtHnSO/tXtF3WRTlA=="
    },
    "require-from-string@2.0.2": {
      "integrity": "sha512-Xf0nWe6RseziFMu+Ap9biiUbmplq6S9/p+7w7YXP/JBHhrUDDUhwa+vANyubuqfZWTveU//DYVGsDG7RKL/vEw=="
    },
    "undici-types@6.19.8": {
      "integrity": "sha512-ve2KP6f/JnbPBFyobGHuerC9g1FYGn/F8n1LWTwNxCEzd6IfqTwUQcNXgEtmmQ6DlRrC1hrSrBnCZPokRrDHjw=="
    },
    "wot-thing-description-types@1.1.0-09-November-2023": {
      "integrity": "sha512-qgZ1Khg/L3SkIRSm4POVoj0P5MU4GIwxWdyQz2ckZzhnXesgPqe+AUzGxK37ArlxvaMytyjo0Cx2yfKoDHtlkA=="
    },
    "wot-thing-model-types@1.1.0-09-November-2023": {
      "integrity": "sha512-BwmZGEG5VCth34RwXbQutFre7dcSanm1OhYve6lTxuGyqeRAQsj33CUrN5PjU5LSs68Xubm0FbKJZPvWGFa6LA=="
    },
    "wot-typescript-definitions@0.8.0-SNAPSHOT.29": {
      "integrity": "sha512-V5r/JSbFs/eaWgQavEEvaldjYoMuucJ9Ae0BDfUbSm6d9rJJYLEwfrwFKxBCD25Kdroea+kNlQMrYKk783OREQ==",
      "dependencies": [
        "wot-thing-description-types"
      ]
    }
  },
  "workspace": {
    "dependencies": [
      "jsr:@std/assert@1"
    ]
  }
}
