{
  "version": "4",
  "specifiers": {
    "jsr:@std/assert@1": "1.0.11",
    "jsr:@std/internal@^1.0.5": "1.0.5",
    "npm:@node-wot/binding-http@*": "0.8.16",
    "npm:@node-wot/binding-http@~0.8.16": "0.8.16",
    "npm:@node-wot/core@*": "0.8.16_ajv@8.17.1",
    "npm:@node-wot/core@~0.8.16": "0.8.16_ajv@8.17.1",
    "npm:@thingweb/thing-model@*": "1.0.3_ajv@8.17.1",
    "npm:@thingweb/thing-model@^1.0.3": "1.0.3_ajv@8.17.1",
    "npm:@types/bun@latest": "1.2.2",
    "npm:mqtt@*": "5.10.3",
    "npm:mqtt@^5.10.3": "5.10.3",
    "npm:wot-thing-model-types@*": "1.1.0-09-November-2023"
  },
  "jsr": {
    "@std/assert@1.0.11": {
      "integrity": "2461ef3c368fe88bc60e186e7744a93112f16fd110022e113a0849e94d1c83c1",
      "dependencies": [
        "jsr:@std/internal"
      ]
    },
    "@std/internal@1.0.5": {
      "integrity": "54a546004f769c1ac9e025abd15a76b6671ddc9687e2313b67376125650dc7ba"
    }
  },
  "npm": {
    "@babel/runtime@7.26.9": {
      "integrity": "sha512-aA63XwOkcl4xxQa3HjPMqOP6LiK0ZDv3mUPYEFXkpHbaFjtGggE1A61FjFzJnB+p7/oy2gA8E+rcBNl/zC1tMg==",
      "dependencies": [
        "regenerator-runtime"
      ]
    },
    "@node-wot/binding-http@0.8.16": {
      "integrity": "sha512-PqpjyEcJt1apjWpObtctPfQ+iK2FAf5IHrwESiMHL0fdGtbA1/tw0KZdC8/krZK7DtI+WvY+fnajdvS0MAqhvw==",
      "dependencies": [
        "@node-wot/core",
        "@types/eventsource",
        "accept-language-parser",
        "basic-auth",
        "client-oauth2",
        "eventsource",
        "find-my-way",
        "node-fetch",
        "query-string",
        "rxjs",
        "slugify"
      ]
    },
    "@node-wot/core@0.8.16_ajv@8.17.1": {
      "integrity": "sha512-viHaXIeIryx+sm0H8oBnR5mUSTFj9raWaJYCNa/BGphfOUhcOB5pajS5NOJcQUzSy76Z9XY3JMw3taRAuPTvsw==",
      "dependencies": [
        "@petamoriken/float16",
        "@thingweb/thing-model",
        "ajv",
        "ajv-formats@2.1.1_ajv@8.17.1",
        "cbor",
        "content-type",
        "debug",
        "is-absolute-url",
        "uritemplate",
        "url-toolkit",
        "uuid",
        "web-streams-polyfill"
      ]
    },
    "@petamoriken/float16@3.9.1": {
      "integrity": "sha512-j+ejhYwY6PeB+v1kn7lZFACUIG97u90WxMuGosILFsl9d4Ovi0sjk0GlPfoEcx+FzvXZDAfioD+NGnnPamXgMA=="
    },
    "@servie/events@1.0.0": {
      "integrity": "sha512-sBSO19KzdrJCM3gdx6eIxV8M9Gxfgg6iDQmH5TIAGaUu+X9VDdsINXJOnoiZ1Kx3TrHdH4bt5UVglkjsEGBcvw=="
    },
    "@thingweb/thing-model@1.0.3_ajv@8.17.1": {
      "integrity": "sha512-KAm2ux3A7B2lq0LkQw1Eze4g1w1c1zvhlaCA/TQFtX5LQoMsm6uqMuW6X+PcOzSsyKIekxYQjcgwC4rFZpfDbg==",
      "dependencies": [
        "ajv",
        "ajv-formats@3.0.1_ajv@8.17.1",
        "debug",
        "json-placeholder-replacer",
        "wot-thing-description-types",
        "wot-thing-model-types",
        "wot-typescript-definitions"
      ]
    },
    "@types/bun@1.2.2": {
      "integrity": "sha512-tr74gdku+AEDN5ergNiBnplr7hpDp3V1h7fqI2GcR/rsUaM39jpSeKH0TFibRvU0KwniRx5POgaYnaXbk0hU+w==",
      "dependencies": [
        "bun-types"
      ]
    },
    "@types/eventsource@1.1.10": {
      "integrity": "sha512-rYzRmJSnm44Xb7FICRXEjwe/26ZiiS+VMGmuD17PevMP56cGgLEsaM955sYQW0S+K7h+mPOL70vGf1hi4WDjVA=="
    },
    "@types/node@22.5.4": {
      "integrity": "sha512-FDuKUJQm/ju9fT/SeX/6+gBzoPzlVCzfzmGkwKvRHQVxi4BntVbyIwf6a4Xn62mrvndLiml6z/UBXIdEVjQLXg==",
      "dependencies": [
        "undici-types"
      ]
    },
    "@types/readable-stream@4.0.18": {
      "integrity": "sha512-21jK/1j+Wg+7jVw1xnSwy/2Q1VgVjWuFssbYGTREPUBeZ+rqVFl2udq0IkxzPC0ZhOzVceUbyIACFZKLqKEBlA==",
      "dependencies": [
        "@types/node",
        "safe-buffer@5.1.2"
      ]
    },
    "@types/tough-cookie@4.0.5": {
      "integrity": "sha512-/Ad8+nIOV7Rl++6f1BdKxFSMgmoqEoYbHRpPcx3JEfv8VRsQe9Z4mCXeJBzxs7mbHY/XOZZuXlRNfhpVPbs6ZA=="
    },
    "@types/ws@8.5.14": {
      "integrity": "sha512-bd/YFLW+URhBzMXurx7lWByOu+xzU9+kb3RboOteXYDfW+tr+JZa99OyNmPINEGB/ahzKrEuc8rcv4gnpJmxTw==",
      "dependencies": [
        "@types/node"
      ]
    },
    "abort-controller@3.0.0": {
      "integrity": "sha512-h8lQ8tacZYnR3vNQTgibj+tODHI5/+l06Au2Pcriv/Gmet0eaj4TwWH41sO9wnHDiQsEj19q0drzdWdeAHtweg==",
      "dependencies": [
        "event-target-shim"
      ]
    },
    "accept-language-parser@1.5.0": {
      "integrity": "sha512-QhyTbMLYo0BBGg1aWbeMG4ekWtds/31BrEU+DONOg/7ax23vxpL03Pb7/zBmha2v7vdD3AyzZVWBVGEZxKOXWw=="
    },
    "ajv-formats@2.1.1_ajv@8.17.1": {
      "integrity": "sha512-Wx0Kx52hxE7C18hkMEggYlEifqWZtYaRgouJor+WMdPnQyEK13vgEWyVNup7SoeeoLMsr4kf5h6dOW11I15MUA==",
      "dependencies": [
        "ajv"
      ]
    },
    "ajv-formats@3.0.1_ajv@8.17.1": {
      "integrity": "sha512-8iUql50EUR+uUcdRQ3HDqa6EVyo3docL8g5WJ3FNcWmu62IbkGUue/pEyLBW8VGKKucTPgqeks4fIU1DA4yowQ==",
      "dependencies": [
        "ajv"
      ]
    },
    "ajv@8.17.1": {
      "integrity": "sha512-B/gBuNg5SiMTrPkC+A2+cW0RszwxYmn6VYxB/inlBStS5nx6xHIt/ehKRhIMhqusl7a8LjQoZnjCs5vhwxOQ1g==",
      "dependencies": [
        "fast-deep-equal",
        "fast-uri",
        "json-schema-traverse",
        "require-from-string"
      ]
    },
    "base64-js@1.5.1": {
      "integrity": "sha512-AKpaYlHn8t4SVbOHCy+b5+KKgvR4vrsD8vbvrbiQJps7fKDTkjkDry6ji0rUJjC0kzbNePLwzxq8iypo41qeWA=="
    },
    "basic-auth@2.0.1": {
      "integrity": "sha512-NF+epuEdnUYVlGuhaxbbq+dvJttwLnGY+YixlXlME5KpQ5W3CnXA5cVTneY3SPbPDRkcjMbifrwmFYcClgOZeg==",
      "dependencies": [
        "safe-buffer@5.1.2"
      ]
    },
    "bl@6.0.19": {
      "integrity": "sha512-4Ay3A3oDfGg3GGirhl4s62ebtnk0pJZA5mLp672MPKOQXsWvXjEF4dqdXySjJIs7b9OVr/O8aOo0Lm+xdjo2JA==",
      "dependencies": [
        "@types/readable-stream",
        "buffer",
        "inherits",
        "readable-stream@4.7.0"
      ]
    },
    "buffer-from@1.1.2": {
      "integrity": "sha512-E+XQCRwSbaaiChtv6k6Dwgc+bx+Bs6vuKJHHl5kox/BaKbhiXzqQOwK4cO22yElGp2OCmjwVhT3HmxgyPGnJfQ=="
    },
    "buffer@6.0.3": {
      "integrity": "sha512-FTiCpNxtwiZZHEZbcbTIcZjERVICn9yq/pDFkTl95/AxzD1naBctN7YO68riM/gLSDY7sdrMby8hofADYuuqOA==",
      "dependencies": [
        "base64-js",
        "ieee754"
      ]
    },
    "bun-types@1.2.2": {
      "integrity": "sha512-RCbMH5elr9gjgDGDhkTTugA21XtJAy/9jkKe/G3WR2q17VPGhcquf9Sir6uay9iW+7P/BV0CAHA1XlHXMAVKHg==",
      "dependencies": [
        "@types/node",
        "@types/ws"
      ]
    },
    "byte-length@1.0.2": {
      "integrity": "sha512-ovBpjmsgd/teRmgcPh23d4gJvxDoXtAzEL9xTfMU8Yc2kqCDb7L9jAG0XHl1nzuGl+h3ebCIF1i62UFyA9V/2Q=="
    },
    "cbor@8.1.0": {
      "integrity": "sha512-DwGjNW9omn6EwP70aXsn7FQJx5kO12tX0bZkaTjzdVFM6/7nhA4t0EENocKGx6D2Bch9PE2KzCUf5SceBdeijg==",
      "dependencies": [
        "nofilter"
      ]
    },
    "client-oauth2@4.3.3": {
      "integrity": "sha512-k8AvUYJon0vv75ufoVo4nALYb/qwFFicO3I0+39C6xEdflqVtr+f9cy+0ZxAduoVSTfhP5DX2tY2XICAd5hy6Q==",
      "dependencies": [
        "popsicle",
        "safe-buffer@5.2.1"
      ]
    },
    "commist@3.2.0": {
      "integrity": "sha512-4PIMoPniho+LqXmpS5d3NuGYncG6XWlkBSVGiWycL22dd42OYdUGil2CWuzklaJoNxyxUSpO4MKIBU94viWNAw=="
    },
    "concat-stream@2.0.0": {
      "integrity": "sha512-MWufYdFw53ccGjCA+Ol7XJYpAlW6/prSMzuPOTRnJGcGzuhLn4Scrz7qf6o8bROZ514ltazcIFJZevcfbo0x7A==",
      "dependencies": [
        "buffer-from",
        "inherits",
        "readable-stream@3.6.2",
        "typedarray"
      ]
    },
    "content-type@1.0.5": {
      "integrity": "sha512-nTjqfcBFEipKdXCv4YDQWCfmcLZKm81ldF0pAopTvyrFGVbcR6P/VAAd5G7N+0tTr8QqiU0tFadD6FK4NtJwOA=="
    },
    "debug@4.4.0": {
      "integrity": "sha512-6WTZ/IxCY/T6BALoZHaE4ctp9xm+Z5kY/pzYaCHRFeyVhojxlrm+46y68HA6hr0TcwEssoxNiDEUJQjfPZ/RYA==",
      "dependencies": [
        "ms"
      ]
    },
    "decode-uri-component@0.2.2": {
      "integrity": "sha512-FqUYQ+8o158GyGTrMFJms9qh3CqTKvAqgqsTnkLI8sKu0028orqBhxNMFkFen0zGyg6epACD32pjVk58ngIErQ=="
    },
    "event-target-shim@5.0.1": {
      "integrity": "sha512-i/2XbnSz/uxRCU6+NdVJgKWDTM427+MqYbkQzD321DuCQJUqOuJKIA0IM2+W2xtYHdKOmZ4dR6fExsd4SXL+WQ=="
    },
    "events@3.3.0": {
      "integrity": "sha512-mQw+2fkQbALzQ7V0MY0IqdnXNOeTtP4r0lN9z7AAawCXgqea7bDii20AYrIBrFd/Hx0M2Ocz6S111CaFkUcb0Q=="
    },
    "eventsource@2.0.2": {
      "integrity": "sha512-IzUmBGPR3+oUG9dUeXynyNmf91/3zUSJg1lCktzKw47OXuhco54U3r9B7O4XX+Rb1Itm9OZ2b0RkTs10bICOxA=="
    },
    "fast-decode-uri-component@1.0.1": {
      "integrity": "sha512-WKgKWg5eUxvRZGwW8FvfbaH7AXSh2cL+3j5fMGzUMCxWBJ3dV3a7Wz8y2f/uQ0e3B6WmodD3oS54jTQ9HVTIIg=="
    },
    "fast-deep-equal@3.1.3": {
      "integrity": "sha512-f3qQ9oQy9j2AhBe/H9VC91wLmKBCCU/gDOnKNAYG5hswO7BLKj09Hc5HYNz9cGI++xlpDCIgDaitVs03ATR84Q=="
    },
    "fast-querystring@1.1.2": {
      "integrity": "sha512-g6KuKWmFXc0fID8WWH0jit4g0AGBoJhCkJMb1RmbsSEUNvQ+ZC8D6CUZ+GtF8nMzSPXnhiePyyqqipzNNEnHjg==",
      "dependencies": [
        "fast-decode-uri-component"
      ]
    },
    "fast-unique-numbers@8.0.13": {
      "integrity": "sha512-7OnTFAVPefgw2eBJ1xj2PGGR9FwYzSUso9decayHgCDX4sJkHLdcsYTytTg+tYv+wKF3U8gJuSBz2jJpQV4u/g==",
      "dependencies": [
        "@babel/runtime",
        "tslib"
      ]
    },
    "fast-uri@3.0.6": {
      "integrity": "sha512-Atfo14OibSv5wAp4VWNsFYE1AchQRTv9cBGWET4pZWHzYshFSS9NQI6I57rdKn9croWVMbYFbLhJ+yJvmZIIHw=="
    },
    "filter-obj@1.1.0": {
      "integrity": "sha512-8rXg1ZnX7xzy2NGDVkBVaAy+lSlPNwad13BtgSlLuxfIslyt5Vg64U7tFcCt4WS1R0hvtnQybT/IyCkGZ3DpXQ=="
    },
    "find-my-way@7.7.0": {
      "integrity": "sha512-+SrHpvQ52Q6W9f3wJoJBbAQULJuNEEQwBvlvYwACDhBTLOTMiQ0HYWh4+vC3OivGP2ENcTI1oKlFA2OepJNjhQ==",
      "dependencies": [
        "fast-deep-equal",
        "fast-querystring",
        "safe-regex2"
      ]
    },
    "help-me@5.0.0": {
      "integrity": "sha512-7xgomUX6ADmcYzFik0HzAxh/73YlKR9bmFzf51CZwR+b6YtzU2m0u49hQCqV6SvlqIqsaxovfwdvbnsw3b/zpg=="
    },
    "ieee754@1.2.1": {
      "integrity": "sha512-dcyqhDvX1C46lXZcVqCpK+FtMRQVdIMN6/Df5js2zouUsqG7I6sFxitIC+7KYK29KdXOLHdu9zL4sFnoVQnqaA=="
    },
    "inherits@2.0.4": {
      "integrity": "sha512-k/vGaX4/Yla3WzyMCvTQOXYeIHvqOKtnqBduzTHpzpQZzAskKMhZ2K+EnBiSM9zGSoIFeMpXKxa4dYeZIQqewQ=="
    },
    "is-absolute-url@3.0.3": {
      "integrity": "sha512-opmNIX7uFnS96NtPmhWQgQx6/NYFgsUXYMllcfzwWKUMwfo8kku1TvE6hkNcH+Q1ts5cMVrsY7j0bxXQDciu9Q=="
    },
    "js-sdsl@4.3.0": {
      "integrity": "sha512-mifzlm2+5nZ+lEcLJMoBK0/IH/bDg8XnJfd/Wq6IP+xoCjLZsTOnV2QpxlVbX9bMnkl5PdEjNtBJ9Cj1NjifhQ=="
    },
    "json-placeholder-replacer@2.1.0": {
      "integrity": "sha512-4thj3fpK8ZGmfYZ5Pe5VegiDXktz2XC/cpw0qZ/j/maCk/rRp83ftTVg9ffXx/4Ufc0g/Pv93nc1R6Bor+if3A=="
    },
    "json-schema-traverse@1.0.0": {
      "integrity": "sha512-NM8/P9n3XjXhIZn1lLhkFaACTOURQXjWhV4BA/RnOv8xvgqtqpAX9IO4mRQxSx1Rlo4tqzeqb0sOlruaOy3dug=="
    },
    "lru-cache@10.4.3": {
      "integrity": "sha512-JNAzZcXrCt42VGLuYz0zfAzDfAvJWW6AfYlDBQyDV5DClI2m5sAmK+OIO7s59XfsRsWHp02jAJrRadPRGTt6SQ=="
    },
    "make-error-cause@2.3.0": {
      "integrity": "sha512-etgt+n4LlOkGSJbBTV9VROHA5R7ekIPS4vfh+bCAoJgRrJWdqJCBbpS3osRJ/HrT7R68MzMiY3L3sDJ/Fd8aBg==",
      "dependencies": [
        "make-error"
      ]
    },
    "make-error@1.3.6": {
      "integrity": "sha512-s8UhlNe7vPKomQhC1qFelMokr/Sc3AgNbso3n74mVPA5LTZwkB9NlXf4XPamLxJE8h0gh73rM94xvwRT2CVInw=="
    },
    "minimist@1.2.8": {
      "integrity": "sha512-2yyAR8qBkN3YuheJanUpWC5U3bb5osDywNB8RzDVlDwDHbocAJveqqj1u8+SVD7jkWT4yvsHCpWqqWqAxb0zCA=="
    },
    "mqtt-packet@9.0.1": {
      "integrity": "sha512-koZF1V/X2RZUI6uD9wN5OK1JxxcG1ofAR4H3LjCw1FkeKzruZQ26aAA6v2m1lZyWONZIR5wMMJFrZJDRNzbiQw==",
      "dependencies": [
        "bl",
        "debug",
        "process-nextick-args"
      ]
    },
    "mqtt@5.10.3": {
      "integrity": "sha512-hA/6YrUS4fywhBGCjH/XXUuLeueJiPqruVVWjK2A24Ma4KcWfZ/x8x07aoesBV+HXDWBC08tbT4IWfSXNW0Jtw==",
      "dependencies": [
        "@types/readable-stream",
        "@types/ws",
        "commist",
        "concat-stream",
        "debug",
        "help-me",
        "lru-cache",
        "minimist",
        "mqtt-packet",
        "number-allocator",
        "readable-stream@4.7.0",
        "reinterval",
        "rfdc",
        "split2",
        "worker-timers",
        "ws"
      ]
    },
    "ms@2.1.3": {
      "integrity": "sha512-6FlzubTLZG3J2a/NVCAleEhjzq5oxgHyaCU9yYXvcLsvoVaHJq/s5xXI6/XXP6tz7R9xAOtHnSO/tXtF3WRTlA=="
    },
    "node-fetch@2.7.0": {
      "integrity": "sha512-c4FRfUm/dbcWZ7U+1Wq0AwCyFL+3nt2bEw05wfxSz+DWpWsitgmSgYmy2dQdWyKC1694ELPqMs/YzUSNozLt8A==",
      "dependencies": [
        "whatwg-url"
      ]
    },
    "nofilter@3.1.0": {
      "integrity": "sha512-l2NNj07e9afPnhAhvgVrCD/oy2Ai1yfLpuo3EpiO1jFTsB4sFz6oIfAfSZyQzVpkZQ9xS8ZS5g1jCBgq4Hwo0g=="
    },
    "number-allocator@1.0.14": {
      "integrity": "sha512-OrL44UTVAvkKdOdRQZIJpLkAdjXGTRda052sN4sO77bKEzYYqWKMBjQvrJFzqygI99gL6Z4u2xctPW1tB8ErvA==",
      "dependencies": [
        "debug",
        "js-sdsl"
      ]
    },
    "popsicle-content-encoding@1.0.0_servie@4.3.3": {
      "integrity": "sha512-4Df+vTfM8wCCJVTzPujiI6eOl3SiWQkcZg0AMrOkD1enMXsF3glIkFUZGvour1Sj7jOWCsNSEhBxpbbhclHhzw==",
      "dependencies": [
        "servie"
      ]
    },
    "popsicle-cookie-jar@1.0.1_servie@4.3.3": {
      "integrity": "sha512-QVIZhADP8nDbXIQW6wq8GU9IOSE8INUACO/9KD9TFKQ7qq8r/y3qUDz59xIi6p6TH19lCJJyBAPSXP1liIoySw==",
      "dependencies": [
        "@types/tough-cookie",
        "servie",
        "tough-cookie"
      ]
    },
    "popsicle-redirects@1.1.1_servie@4.3.3": {
      "integrity": "sha512-mC2HrKjdTAWDalOjGxlXw9j6Qxrz/Yd2ui6bPxpi2IQDYWpF4gUAMxbA8EpSWJhLi0PuWKDwTHHPrUPGutAoIA==",
      "dependencies": [
        "servie"
      ]
    },
    "popsicle-transport-http@1.2.1_servie@4.3.3": {
      "integrity": "sha512-i5r3IGHkGiBDm1oPFvOfEeSGWR0lQJcsdTqwvvDjXqcTHYJJi4iSi3ecXIttDiTBoBtRAFAE9nF91fspQr63FQ==",
      "dependencies": [
        "make-error-cause",
        "servie"
      ]
    },
    "popsicle-transport-xhr@2.0.0_servie@4.3.3": {
      "integrity": "sha512-5Sbud4Widngf1dodJE5cjEYXkzEUIl8CzyYRYR57t6vpy9a9KPGQX6KBKdPjmBZlR5A06pOBXuJnVr23l27rtA==",
      "dependencies": [
        "servie"
      ]
    },
    "popsicle-user-agent@1.0.0_servie@4.3.3": {
      "integrity": "sha512-epKaq3TTfTzXcxBxjpoKYMcTTcAX8Rykus6QZu77XNhJuRHSRxMd+JJrbX/3PFI0opFGSN0BabbAYCbGxbu0mA==",
      "dependencies": [
        "servie"
      ]
    },
    "popsicle@12.1.2_servie@4.3.3": {
      "integrity": "sha512-xE2vEUa15TiHvFhGmKTtdKk9aSLL5CHX8Vw5kHfVM3R0YHiaTon6Ybsamw0XYqMR+Ng2RijX88iYUKPBMpLBww==",
      "dependencies": [
        "popsicle-content-encoding",
        "popsicle-cookie-jar",
        "popsicle-redirects",
        "popsicle-transport-http",
        "popsicle-transport-xhr",
        "popsicle-user-agent",
        "servie",
        "throwback"
      ]
    },
    "process-nextick-args@2.0.1": {
      "integrity": "sha512-3ouUOpQhtgrbOa17J7+uxOTpITYWaGP7/AhoR3+A+/1e9skrzelGi/dXzEYyvbxubEF6Wn2ypscTKiKJFFn1ag=="
    },
    "process@0.11.10": {
      "integrity": "sha512-cdGef/drWFoydD1JsMzuFf8100nZl+GT+yacc2bEced5f9Rjk4z+WtFUTBu9PhOi9j/jfmBPu0mMEY4wIdAF8A=="
    },
    "psl@1.15.0": {
      "integrity": "sha512-JZd3gMVBAVQkSs6HdNZo9Sdo0LNcQeMNP3CozBJb3JYC/QUYZTnKxP+f8oWRX4rHP5EurWxqAHTSwUCjlNKa1w==",
      "dependencies": [
        "punycode"
      ]
    },
    "punycode@2.3.1": {
      "integrity": "sha512-vYt7UD1U9Wg6138shLtLOvdAu+8DsC/ilFtEVHcH+wydcSpNE20AfSOduf6MkRFahL5FY7X1oU7nKVZFtfq8Fg=="
    },
    "query-string@7.1.3": {
      "integrity": "sha512-hh2WYhq4fi8+b+/2Kg9CEge4fDPvHS534aOOvOZeQ3+Vf2mCFsaFBYj0i+iXcAq6I9Vzp5fjMFBlONvayDC1qg==",
      "dependencies": [
        "decode-uri-component",
        "filter-obj",
        "split-on-first",
        "strict-uri-encode"
      ]
    },
    "querystringify@2.2.0": {
      "integrity": "sha512-FIqgj2EUvTa7R50u0rGsyTftzjYmv/a3hO345bZNrqabNqjtgiDMgmo4mkUjd+nzU5oF3dClKqFIPUKybUyqoQ=="
    },
    "readable-stream@3.6.2": {
      "integrity": "sha512-9u/sniCrY3D5WdsERHzHE4G2YCXqoG5FTHUiCC4SIbr6XcLZBY05ya9EKjYek9O5xOAwjGq+1JdGBAS7Q9ScoA==",
      "dependencies": [
        "inherits",
        "string_decoder",
        "util-deprecate"
      ]
    },
    "readable-stream@4.7.0": {
      "integrity": "sha512-oIGGmcpTLwPga8Bn6/Z75SVaH1z5dUut2ibSyAMVhmUggWpmDn2dapB0n7f8nwaSiRtepAsfJyfXIO5DCVAODg==",
      "dependencies": [
        "abort-controller",
        "buffer",
        "events",
        "process",
        "string_decoder"
      ]
    },
    "regenerator-runtime@0.14.1": {
      "integrity": "sha512-dYnhHh0nJoMfnkZs6GmmhFknAGRrLznOu5nc9ML+EJxGvrx6H7teuevqVqCuPcPK//3eDrrjQhehXVx9cnkGdw=="
    },
    "reinterval@1.1.0": {
      "integrity": "sha512-QIRet3SYrGp0HUHO88jVskiG6seqUGC5iAG7AwI/BV4ypGcuqk9Du6YQBUOUqm9c8pw1eyLoIaONifRua1lsEQ=="
    },
    "require-from-string@2.0.2": {
      "integrity": "sha512-Xf0nWe6RseziFMu+Ap9biiUbmplq6S9/p+7w7YXP/JBHhrUDDUhwa+vANyubuqfZWTveU//DYVGsDG7RKL/vEw=="
    },
    "requires-port@1.0.0": {
      "integrity": "sha512-KigOCHcocU3XODJxsu8i/j8T9tzT4adHiecwORRQ0ZZFcp7ahwXuRU1m+yuO90C5ZUyGeGfocHDI14M3L3yDAQ=="
    },
    "ret@0.2.2": {
      "integrity": "sha512-M0b3YWQs7R3Z917WRQy1HHA7Ba7D8hvZg6UE5mLykJxQVE2ju0IXbGlaHPPlkY+WN7wFP+wUMXmBFA0aV6vYGQ=="
    },
    "rfdc@1.4.1": {
      "integrity": "sha512-q1b3N5QkRUWUl7iyylaaj3kOpIT0N2i9MqIEQXP73GVsN9cw3fdx8X63cEmWhJGi2PPCF23Ijp7ktmd39rawIA=="
    },
    "rxjs@5.5.11": {
      "integrity": "sha512-3bjO7UwWfA2CV7lmwYMBzj4fQ6Cq+ftHc2MvUe+WMS7wcdJ1LosDWmdjPQanYp2dBRj572p7PeU81JUxHKOcBA==",
      "dependencies": [
        "symbol-observable"
      ]
    },
    "safe-buffer@5.1.2": {
      "integrity": "sha512-Gd2UZBJDkXlY7GbJxfsE8/nvKkUEU1G38c1siN6QP6a9PT9MmHB8GnpscSmMJSoF8LOIrt8ud/wPtojys4G6+g=="
    },
    "safe-buffer@5.2.1": {
      "integrity": "sha512-rp3So07KcdmmKbGvgaNxQSJr7bGVSVk5S9Eq1F+ppbRo70+YeaDxkw5Dd8NPN+GD6bjnYm2VuPuCXmpuYvmCXQ=="
    },
    "safe-regex2@2.0.0": {
      "integrity": "sha512-PaUSFsUaNNuKwkBijoAPHAK6/eM6VirvyPWlZ7BAQy4D+hCvh4B6lIG+nPdhbFfIbP+gTGBcrdsOaUs0F+ZBOQ==",
      "dependencies": [
        "ret"
      ]
    },
    "servie@4.3.3": {
      "integrity": "sha512-b0IrY3b1gVMsWvJppCf19g1p3JSnS0hQi6xu4Hi40CIhf0Lx8pQHcvBL+xunShpmOiQzg1NOia812NAWdSaShw==",
      "dependencies": [
        "@servie/events",
        "byte-length",
        "ts-expect"
      ]
    },
    "slugify@1.6.6": {
      "integrity": "sha512-h+z7HKHYXj6wJU+AnS/+IH8Uh9fdcX1Lrhg1/VMdf9PwoBQXFcXiAdsy2tSK0P6gKwJLXp02r90ahUCqHk9rrw=="
    },
    "split-on-first@1.1.0": {
      "integrity": "sha512-43ZssAJaMusuKWL8sKUBQXHWOpq8d6CfN/u1p4gUzfJkM05C8rxTmYrkIPTXapZpORA6LkkzcUulJ8FqA7Uudw=="
    },
    "split2@4.2.0": {
      "integrity": "sha512-UcjcJOWknrNkF6PLX83qcHM6KHgVKNkV62Y8a5uYDVv9ydGQVwAHMKqHdJje1VTWpljG0WYpCDhrCdAOYH4TWg=="
    },
    "strict-uri-encode@2.0.0": {
      "integrity": "sha512-QwiXZgpRcKkhTj2Scnn++4PKtWsH0kpzZ62L2R6c/LUVYv7hVnZqcg2+sMuT6R7Jusu1vviK/MFsu6kNJfWlEQ=="
    },
    "string_decoder@1.3.0": {
      "integrity": "sha512-hkRX8U1WjJFd8LsDJ2yQ/wWWxaopEsABU1XfkM8A+j0+85JAGppt16cr1Whg6KIbb4okU6Mql6BOj+uup/wKeA==",
      "dependencies": [
        "safe-buffer@5.2.1"
      ]
    },
    "symbol-observable@1.0.1": {
      "integrity": "sha512-Kb3PrPYz4HanVF1LVGuAdW6LoVgIwjUYJGzFe7NDrBLCN4lsV/5J0MFurV+ygS4bRVwrCEt2c7MQ1R2a72oJDw=="
    },
    "throwback@4.1.0": {
      "integrity": "sha512-dLFe8bU8SeH0xeqeKL7BNo8XoPC/o91nz9/ooeplZPiso+DZukhoyZcSz9TFnUNScm+cA9qjU1m1853M6sPOng=="
    },
    "tough-cookie@4.1.4": {
      "integrity": "sha512-Loo5UUvLD9ScZ6jh8beX1T6sO1w2/MpCRpEP7V280GKMVUQ0Jzar2U3UJPsrdbziLEMMhu3Ujnq//rhiFuIeag==",
      "dependencies": [
        "psl",
        "punycode",
        "universalify",
        "url-parse"
      ]
    },
    "tr46@0.0.3": {
      "integrity": "sha512-N3WMsuqV66lT30CrXNbEjx4GEwlow3v6rr4mCcv6prnfwhS01rkgyFdjPNBYd9br7LpXV1+Emh01fHnq2Gdgrw=="
    },
    "ts-expect@1.3.0": {
      "integrity": "sha512-e4g0EJtAjk64xgnFPD6kTBUtpnMVzDrMb12N1YZV0VvSlhnVT3SGxiYTLdGy8Q5cYHOIC/FAHmZ10eGrAguicQ=="
    },
    "tslib@2.8.1": {
      "integrity": "sha512-oJFu94HQb+KVduSUQL7wnpmqnfmLsOA/nAh6b6EH0wCEoK0/mPeXU6c3wKDV83MkOuHPRHtSXKKU99IBazS/2w=="
    },
    "typedarray@0.0.6": {
      "integrity": "sha512-/aCDEGatGvZ2BIk+HmLf4ifCJFwvKFNb9/JeZPMulfgFracn9QFcAf5GO8B/mweUjSoblS5In0cWhqpfs/5PQA=="
    },
    "undici-types@6.19.8": {
      "integrity": "sha512-ve2KP6f/JnbPBFyobGHuerC9g1FYGn/F8n1LWTwNxCEzd6IfqTwUQcNXgEtmmQ6DlRrC1hrSrBnCZPokRrDHjw=="
    },
    "universalify@0.2.0": {
      "integrity": "sha512-CJ1QgKmNg3CwvAv/kOFmtnEN05f0D/cn9QntgNOQlQF9dgvVTHj3t+8JPdjqawCHk7V/KA+fbUqzZ9XWhcqPUg=="
    },
    "uritemplate@0.3.4": {
      "integrity": "sha512-enADBvHfhjrwxFMTVWeIIYz51SZ91uC6o2MR/NQTVljJB6HTZ8eQL3Q7JBj3RxNISA14MOwJaU3vpf5R6dyxHA=="
    },
    "url-parse@1.5.10": {
      "integrity": "sha512-WypcfiRhfeUP9vvF0j6rw0J3hrWrw6iZv3+22h6iRMJ/8z1Tj6XfLP4DsUix5MhMPnXpiHDoKyoZ/bdCkwBCiQ==",
      "dependencies": [
        "querystringify",
        "requires-port"
      ]
    },
    "url-toolkit@2.1.6": {
      "integrity": "sha512-UaZ2+50am4HwrV2crR/JAf63Q4VvPYphe63WGeoJxeu8gmOm0qxPt+KsukfakPNrX9aymGNEkkaoICwn+OuvBw=="
    },
    "util-deprecate@1.0.2": {
      "integrity": "sha512-EPD5q1uXyFxJpCrLnCc1nHnq3gOa6DZBocAIiI2TaSCA7VCJ1UJDMagCzIkXNsUYfD1daK//LTEQ8xiIbrHtcw=="
    },
    "uuid@7.0.3": {
      "integrity": "sha512-DPSke0pXhTZgoF/d+WSt2QaKMCFSfx7QegxEWT+JOuHF5aWrKEn0G+ztjuJg/gG8/ItK+rbPCD/yNv8yyih6Cg=="
    },
    "web-streams-polyfill@3.3.3": {
      "integrity": "sha512-d2JWLCivmZYTSIoge9MsgFCZrt571BikcWGYkjC1khllbTeDlGqZ2D8vD8E/lJa8WGWbb7Plm8/XJYV7IJHZZw=="
    },
    "webidl-conversions@3.0.1": {
      "integrity": "sha512-2JAn3z8AR6rjK8Sm8orRC0h/bcl/DqL7tRPdGZ4I1CjdF+EaMLmYxBHyXuKL849eucPFhvBoxMsflfOb8kxaeQ=="
    },
    "whatwg-url@5.0.0": {
      "integrity": "sha512-saE57nupxk6v3HY35+jzBwYa0rKSy0XR8JSxZPwgLr7ys0IBzhGviA1/TUGJLmSVqs8pb9AnvICXEuOHLprYTw==",
      "dependencies": [
        "tr46",
        "webidl-conversions"
      ]
    },
    "worker-timers-broker@6.1.8": {
      "integrity": "sha512-FUCJu9jlK3A8WqLTKXM9E6kAmI/dR1vAJ8dHYLMisLNB/n3GuaFIjJ7pn16ZcD1zCOf7P6H62lWIEBi+yz/zQQ==",
      "dependencies": [
        "@babel/runtime",
        "fast-unique-numbers",
        "tslib",
        "worker-timers-worker"
      ]
    },
    "worker-timers-worker@7.0.71": {
      "integrity": "sha512-ks/5YKwZsto1c2vmljroppOKCivB/ma97g9y77MAAz2TBBjPPgpoOiS1qYQKIgvGTr2QYPT3XhJWIB6Rj2MVPQ==",
      "dependencies": [
        "@babel/runtime",
        "tslib"
      ]
    },
    "worker-timers@7.1.8": {
      "integrity": "sha512-R54psRKYVLuzff7c1OTFcq/4Hue5Vlz4bFtNEIarpSiCYhpifHU3aIQI29S84o1j87ePCYqbmEJPqwBTf+3sfw==",
      "dependencies": [
        "@babel/runtime",
        "tslib",
        "worker-timers-broker",
        "worker-timers-worker"
      ]
    },
    "wot-thing-description-types@1.1.0-09-November-2023": {
      "integrity": "sha512-qgZ1Khg/L3SkIRSm4POVoj0P5MU4GIwxWdyQz2ckZzhnXesgPqe+AUzGxK37ArlxvaMytyjo0Cx2yfKoDHtlkA=="
    },
    "wot-thing-model-types@1.1.0-09-November-2023": {
      "integrity": "sha512-BwmZGEG5VCth34RwXbQutFre7dcSanm1OhYve6lTxuGyqeRAQsj33CUrN5PjU5LSs68Xubm0FbKJZPvWGFa6LA=="
    },
    "wot-typescript-definitions@0.8.0-SNAPSHOT.29": {
      "integrity": "sha512-V5r/JSbFs/eaWgQavEEvaldjYoMuucJ9Ae0BDfUbSm6d9rJJYLEwfrwFKxBCD25Kdroea+kNlQMrYKk783OREQ==",
      "dependencies": [
        "wot-thing-description-types"
      ]
    },
    "ws@8.18.0": {
      "integrity": "sha512-8VbfWfHLbbwu3+N6OKsOMpBdT4kXPDDB9cJk2bJ6mh9ucxdlnNvH1e+roYkKmN9Nxw2yjz7VzeO9oOz2zJ04Pw=="
    }
  },
  "workspace": {
    "dependencies": [
      "jsr:@std/assert@1"
    ],
    "packageJson": {
      "dependencies": [
        "npm:@node-wot/binding-http@~0.8.16",
        "npm:@node-wot/core@~0.8.16",
        "npm:@thingweb/thing-model@^1.0.3",
        "npm:@types/bun@latest",
        "npm:mqtt@^5.10.3"
      ]
    }
  }
}
